<?xml version="1.0" encoding="UTF-8"?>
<Scheme LastUpgradeVersion="2700" version="1.7">
    <BuildAction parallelizeBuildables="NO" buildImplicitDependencies="YES">
        <BuildActionEntries>
            <BuildActionEntry buildForTesting="YES" buildForRunning="NO"
                buildForProfiling="NO" buildForArchiving="NO" buildForAnalyzing="YES">
                <BuildableReference BuildableIdentifier="primary"
                    BlueprintIdentifier="102000000000000000000005"
                    BuildableName="FundamentalUITests.xctest"
                    BlueprintName="FundamentalUITests"
                    ReferencedContainer="container:FundamentalUITests.xcodeproj"/>
            </BuildActionEntry>
        </BuildActionEntries>
    </BuildAction>
    <TestAction buildConfiguration="Debug"
        selectedDebuggerIdentifier="Xcode.DebuggerFoundation.Debugger.LLDB"
        selectedLauncherIdentifier="Xcode.IDEFoundation.Launcher.PosixSpawn"
        shouldUseLaunchSchemeArgsEnv="YES" systemAttachmentLifetime="keepAlways">
        <Testables>
            <TestableReference skipped="NO" parallelizable="NO">
                <BuildableReference BuildableIdentifier="primary"
                    BlueprintIdentifier="102000000000000000000005"
                    BuildableName="FundamentalUITests.xctest"
                    BlueprintName="FundamentalUITests"
                    ReferencedContainer="container:FundamentalUITests.xcodeproj"/>
            </TestableReference>
        </Testables>
    </TestAction>
    <AnalyzeAction buildConfiguration="Debug"/>
</Scheme>
